// !$*UTF8*$!
{
	archiveVersion = 1;
	classes = {
	};
	objectVersion = 50;
	objects = {

/* Begin PBXBuildFile section */
		7D061148260A7BA200E8DC0C /* HzCellView.swift in Sources */ = {isa = PBXBuildFile; fileRef = 7D061147260A7BA200E8DC0C /* HzCellView.swift */; };
		7D06114B260A7BAF00E8DC0C /* PictureCellView.swift in Sources */ = {isa = PBXBuildFile; fileRef = 7D06114A260A7BAF00E8DC0C /* PictureCellView.swift */; };
		7D06114E260A7BBD00E8DC0C /* SelectionCellView.swift in Sources */ = {isa = PBXBuildFile; fileRef = 7D06114D260A7BBD00E8DC0C /* SelectionCellView.swift */; };
		7D626BFF2608CCBC00D2304E /* MainCellView.swift in Sources */ = {isa = PBXBuildFile; fileRef = 7D626BFE2608CCBC00D2304E /* MainCellView.swift */; };
		7D9F5C652606A97E00A89AE3 /* MainTableViewCell.swift in Sources */ = {isa = PBXBuildFile; fileRef = 7D9F5C642606A97E00A89AE3 /* MainTableViewCell.swift */; };
		7D9F5C6B2606A9C100A89AE3 /* MainCellViewModel.swift in Sources */ = {isa = PBXBuildFile; fileRef = 7D9F5C6A2606A9C100A89AE3 /* MainCellViewModel.swift */; };
		7DF525BE2606490200F496C1 /* AppDelegate.swift in Sources */ = {isa = PBXBuildFile; fileRef = 7DF525BD2606490200F496C1 /* AppDelegate.swift */; };
		7DF525C02606490200F496C1 /* SceneDelegate.swift in Sources */ = {isa = PBXBuildFile; fileRef = 7DF525BF2606490200F496C1 /* SceneDelegate.swift */; };
		7DF525C22606490200F496C1 /* MainViewController.swift in Sources */ = {isa = PBXBuildFile; fileRef = 7DF525C12606490200F496C1 /* MainViewController.swift */; };
		7DF525C72606490400F496C1 /* Assets.xcassets in Resources */ = {isa = PBXBuildFile; fileRef = 7DF525C62606490400F496C1 /* Assets.xcassets */; };
		7DF525D726064E3200F496C1 /* MainModel.swift in Sources */ = {isa = PBXBuildFile; fileRef = 7DF525D626064E3200F496C1 /* MainModel.swift */; };
		7DF525DC26064E5700F496C1 /* MainViewModel.swift in Sources */ = {isa = PBXBuildFile; fileRef = 7DF525DB26064E5700F496C1 /* MainViewModel.swift */; };
		7DF525DF26064EA300F496C1 /* NetworkService.swift in Sources */ = {isa = PBXBuildFile; fileRef = 7DF525DE26064EA300F496C1 /* NetworkService.swift */; };
		7DF525E22606668100F496C1 /* NetworkResponseStruct.swift in Sources */ = {isa = PBXBuildFile; fileRef = 7DF525E12606668100F496C1 /* NetworkResponseStruct.swift */; };
/* End PBXBuildFile section */

/* Begin PBXFileReference section */
		7D061147260A7BA200E8DC0C /* HzCellView.swift */ = {isa = PBXFileReference; lastKnownFileType = sourcecode.swift; path = HzCellView.swift; sourceTree = "<group>"; };
		7D06114A260A7BAF00E8DC0C /* PictureCellView.swift */ = {isa = PBXFileReference; lastKnownFileType = sourcecode.swift; path = PictureCellView.swift; sourceTree = "<group>"; };
		7D06114D260A7BBD00E8DC0C /* SelectionCellView.swift */ = {isa = PBXFileReference; lastKnownFileType = sourcecode.swift; path = SelectionCellView.swift; sourceTree = "<group>"; };
		7D626BFE2608CCBC00D2304E /* MainCellView.swift */ = {isa = PBXFileReference; lastKnownFileType = sourcecode.swift; path = MainCellView.swift; sourceTree = "<group>"; };
		7D9F5C642606A97E00A89AE3 /* MainTableViewCell.swift */ = {isa = PBXFileReference; lastKnownFileType = sourcecode.swift; path = MainTableViewCell.swift; sourceTree = "<group>"; };
		7D9F5C6A2606A9C100A89AE3 /* MainCellViewModel.swift */ = {isa = PBXFileReference; lastKnownFileType = sourcecode.swift; path = MainCellViewModel.swift; sourceTree = "<group>"; };
		7DF525BA2606490200F496C1 /* PryanikyTest.app */ = {isa = PBXFileReference; explicitFileType = wrapper.application; includeInIndex = 0; path = PryanikyTest.app; sourceTree = BUILT_PRODUCTS_DIR; };
		7DF525BD2606490200F496C1 /* AppDelegate.swift */ = {isa = PBXFileReference; lastKnownFileType = sourcecode.swift; path = AppDelegate.swift; sourceTree = "<group>"; };
		7DF525BF2606490200F496C1 /* SceneDelegate.swift */ = {isa = PBXFileReference; lastKnownFileType = sourcecode.swift; path = SceneDelegate.swift; sourceTree = "<group>"; };
		7DF525C12606490200F496C1 /* MainViewController.swift */ = {isa = PBXFileReference; lastKnownFileType = sourcecode.swift; path = MainViewController.swift; sourceTree = "<group>"; };
		7DF525C62606490400F496C1 /* Assets.xcassets */ = {isa = PBXFileReference; lastKnownFileType = folder.assetcatalog; path = Assets.xcassets; sourceTree = "<group>"; };
		7DF525CB2606490400F496C1 /* Info.plist */ = {isa = PBXFileReference; lastKnownFileType = text.plist.xml; path = Info.plist; sourceTree = "<group>"; };
		7DF525D626064E3200F496C1 /* MainModel.swift */ = {isa = PBXFileReference; lastKnownFileType = sourcecode.swift; path = MainModel.swift; sourceTree = "<group>"; };
		7DF525DB26064E5700F496C1 /* MainViewModel.swift */ = {isa = PBXFileReference; lastKnownFileType = sourcecode.swift; path = MainViewModel.swift; sourceTree = "<group>"; };
		7DF525DE26064EA300F496C1 /* NetworkService.swift */ = {isa = PBXFileReference; lastKnownFileType = sourcecode.swift; path = NetworkService.swift; sourceTree = "<group>"; };
		7DF525E12606668100F496C1 /* NetworkResponseStruct.swift */ = {isa = PBXFileReference; lastKnownFileType = sourcecode.swift; path = NetworkResponseStruct.swift; sourceTree = "<group>"; };
/* End PBXFileReference section */

/* Begin PBXFrameworksBuildPhase section */
		7DF525B72606490200F496C1 /* Frameworks */ = {
			isa = PBXFrameworksBuildPhase;
			buildActionMask = 2147483647;
			files = (
			);
			runOnlyForDeploymentPostprocessing = 0;
		};
/* End PBXFrameworksBuildPhase section */

/* Begin PBXGroup section */
		7D9F5C7B2606AE2000A89AE3 /* MainModule */ = {
			isa = PBXGroup;
			children = (
				7DF525C12606490200F496C1 /* MainViewController.swift */,
				7DF525D626064E3200F496C1 /* MainModel.swift */,
				7DF525DB26064E5700F496C1 /* MainViewModel.swift */,
			);
			name = MainModule;
			sourceTree = "<group>";
		};
		7D9F5C7D2606AEA300A89AE3 /* MainTableCell */ = {
			isa = PBXGroup;
			children = (
				7D9F5C642606A97E00A89AE3 /* MainTableViewCell.swift */,
				7D626BFE2608CCBC00D2304E /* MainCellView.swift */,
				7D06114A260A7BAF00E8DC0C /* PictureCellView.swift */,
				7D06114D260A7BBD00E8DC0C /* SelectionCellView.swift */,
				7D061147260A7BA200E8DC0C /* HzCellView.swift */,
				7D9F5C6A2606A9C100A89AE3 /* MainCellViewModel.swift */,
			);
			name = MainTableCell;
			sourceTree = "<group>";
		};
		7DF525B12606490200F496C1 = {
			isa = PBXGroup;
			children = (
				7DF525BC2606490200F496C1 /* PryanikyTest */,
				7DF525BB2606490200F496C1 /* Products */,
			);
			sourceTree = "<group>";
		};
		7DF525BB2606490200F496C1 /* Products */ = {
			isa = PBXGroup;
			children = (
				7DF525BA2606490200F496C1 /* PryanikyTest.app */,
			);
			name = Products;
			sourceTree = "<group>";
		};
		7DF525BC2606490200F496C1 /* PryanikyTest */ = {
			isa = PBXGroup;
			children = (
				7DF525BD2606490200F496C1 /* AppDelegate.swift */,
				7DF525BF2606490200F496C1 /* SceneDelegate.swift */,
				7DF525DE26064EA300F496C1 /* NetworkService.swift */,
				7DF525E12606668100F496C1 /* NetworkResponseStruct.swift */,
				7D9F5C7D2606AEA300A89AE3 /* MainTableCell */,
				7D9F5C7B2606AE2000A89AE3 /* MainModule */,
				7DF525C62606490400F496C1 /* Assets.xcassets */,
				7DF525CB2606490400F496C1 /* Info.plist */,
			);
			path = PryanikyTest;
			sourceTree = "<group>";
		};
/* End PBXGroup section */

/* Begin PBXNativeTarget section */
		7DF525B92606490200F496C1 /* PryanikyTest */ = {
			isa = PBXNativeTarget;
			buildConfigurationList = 7DF525CE2606490400F496C1 /* Build configuration list for PBXNativeTarget "PryanikyTest" */;
			buildPhases = (
				7DF525B62606490200F496C1 /* Sources */,
				7DF525B72606490200F496C1 /* Frameworks */,
				7DF525B82606490200F496C1 /* Resources */,
			);
			buildRules = (
			);
			dependencies = (
			);
			name = PryanikyTest;
			productName = PryanikyTest;
			productReference = 7DF525BA2606490200F496C1 /* PryanikyTest.app */;
			productType = "com.apple.product-type.application";
		};
/* End PBXNativeTarget section */

/* Begin PBXProject section */
		7DF525B22606490200F496C1 /* Project object */ = {
			isa = PBXProject;
			attributes = {
				LastSwiftUpdateCheck = 1230;
				LastUpgradeCheck = 1230;
				TargetAttributes = {
					7DF525B92606490200F496C1 = {
						CreatedOnToolsVersion = 12.3;
					};
				};
			};
			buildConfigurationList = 7DF525B52606490200F496C1 /* Build configuration list for PBXProject "PryanikyTest" */;
			compatibilityVersion = "Xcode 9.3";
			developmentRegion = en;
			hasScannedForEncodings = 0;
			knownRegions = (
				en,
				Base,
			);
			mainGroup = 7DF525B12606490200F496C1;
			productRefGroup = 7DF525BB2606490200F496C1 /* Products */;
			projectDirPath = "";
			projectRoot = "";
			targets = (
				7DF525B92606490200F496C1 /* PryanikyTest */,
			);
		};
/* End PBXProject section */

/* Begin PBXResourcesBuildPhase section */
		7DF525B82606490200F496C1 /* Resources */ = {
			isa = PBXResourcesBuildPhase;
			buildActionMask = 2147483647;
			files = (
				7DF525C72606490400F496C1 /* Assets.xcassets in Resources */,
			);
			runOnlyForDeploymentPostprocessing = 0;
		};
/* End PBXResourcesBuildPhase section */

/* Begin PBXSourcesBuildPhase section */
		7DF525B62606490200F496C1 /* Sources */ = {
			isa = PBXSourcesBuildPhase;
			buildActionMask = 2147483647;
			files = (
				7DF525DC26064E5700F496C1 /* MainViewModel.swift in Sources */,
				7D06114E260A7BBD00E8DC0C /* SelectionCellView.swift in Sources */,
				7DF525E22606668100F496C1 /* NetworkResponseStruct.swift in Sources */,
				7D9F5C652606A97E00A89AE3 /* MainTableViewCell.swift in Sources */,
				7DF525C22606490200F496C1 /* MainViewController.swift in Sources */,
				7DF525BE2606490200F496C1 /* AppDelegate.swift in Sources */,
				7D9F5C6B2606A9C100A89AE3 /* MainCellViewModel.swift in Sources */,
				7DF525C02606490200F496C1 /* SceneDelegate.swift in Sources */,
				7D626BFF2608CCBC00D2304E /* MainCellView.swift in Sources */,
				7DF525DF26064EA300F496C1 /* NetworkService.swift in Sources */,
				7D061148260A7BA200E8DC0C /* HzCellView.swift in Sources */,
				7DF525D726064E3200F496C1 /* MainModel.swift in Sources */,
				7D06114B260A7BAF00E8DC0C /* PictureCellView.swift in Sources */,
			);
			runOnlyForDeploymentPostprocessing = 0;
		};
/* End PBXSourcesBuildPhase section */

/* Begin XCBuildConfiguration section */
		7DF525CC2606490400F496C1 /* Debug */ = {
			isa = XCBuildConfiguration;
			buildSettings = {
				ALWAYS_SEARCH_USER_PATHS = NO;
				CLANG_ANALYZER_NONNULL = YES;
				CLANG_ANALYZER_NUMBER_OBJECT_CONVERSION = YES_AGGRESSIVE;
				CLANG_CXX_LANGUAGE_STANDARD = "gnu++14";
				CLANG_CXX_LIBRARY = "libc++";
				CLANG_ENABLE_MODULES = YES;
				CLANG_ENABLE_OBJC_ARC = YES;
				CLANG_ENABLE_OBJC_WEAK = YES;
				CLANG_WARN_BLOCK_CAPTURE_AUTORELEASING = YES;
				CLANG_WARN_BOOL_CONVERSION = YES;
				CLANG_WARN_COMMA = YES;
				CLANG_WARN_CONSTANT_CONVERSION = YES;
				CLANG_WARN_DEPRECATED_OBJC_IMPLEMENTATIONS = YES;
				CLANG_WARN_DIRECT_OBJC_ISA_USAGE = YES_ERROR;
				CLANG_WARN_DOCUMENTATION_COMMENTS = YES;
				CLANG_WARN_EMPTY_BODY = YES;
				CLANG_WARN_ENUM_CONVERSION = YES;
				CLANG_WARN_INFINITE_RECURSION = YES;
				CLANG_WARN_INT_CONVERSION = YES;
				CLANG_WARN_NON_LITERAL_NULL_CONVERSION = YES;
				CLANG_WARN_OBJC_IMPLICIT_RETAIN_SELF = YES;
				CLANG_WARN_OBJC_LITERAL_CONVERSION = YES;
				CLANG_WARN_OBJC_ROOT_CLASS = YES_ERROR;
				CLANG_WARN_QUOTED_INCLUDE_IN_FRAMEWORK_HEADER = YES;
				CLANG_WARN_RANGE_LOOP_ANALYSIS = YES;
				CLANG_WARN_STRICT_PROTOTYPES = YES;
				CLANG_WARN_SUSPICIOUS_MOVE = YES;
				CLANG_WARN_UNGUARDED_AVAILABILITY = YES_AGGRESSIVE;
				CLANG_WARN_UNREACHABLE_CODE = YES;
				CLANG_WARN__DUPLICATE_METHOD_MATCH = YES;
				COPY_PHASE_STRIP = NO;
				DEBUG_INFORMATION_FORMAT = dwarf;
				ENABLE_STRICT_OBJC_MSGSEND = YES;
				ENABLE_TESTABILITY = YES;
				GCC_C_LANGUAGE_STANDARD = gnu11;
				GCC_DYNAMIC_NO_PIC = NO;
				GCC_NO_COMMON_BLOCKS = YES;
				GCC_OPTIMIZATION_LEVEL = 0;
				GCC_PREPROCESSOR_DEFINITIONS = (
					"DEBUG=1",
					"$(inherited)",
				);
				GCC_WARN_64_TO_32_BIT_CONVERSION = YES;
				GCC_WARN_ABOUT_RETURN_TYPE = YES_ERROR;
				GCC_WARN_UNDECLARED_SELECTOR = YES;
				GCC_WARN_UNINITIALIZED_AUTOS = YES_AGGRESSIVE;
				GCC_WARN_UNUSED_FUNCTION = YES;
				GCC_WARN_UNUSED_VARIABLE = YES;
				IPHONEOS_DEPLOYMENT_TARGET = 14.3;
				MTL_ENABLE_DEBUG_INFO = INCLUDE_SOURCE;
				MTL_FAST_MATH = YES;
				ONLY_ACTIVE_ARCH = YES;
				SDKROOT = iphoneos;
				SWIFT_ACTIVE_COMPILATION_CONDITIONS = DEBUG;
				SWIFT_OPTIMIZATION_LEVEL = "-Onone";
			};
			name = Debug;
		};
		7DF525CD2606490400F496C1 /* Release */ = {
			isa = XCBuildConfiguration;
			buildSettings = {
				ALWAYS_SEARCH_USER_PATHS = NO;
				CLANG_ANALYZER_NONNULL = YES;
				CLANG_ANALYZER_NUMBER_OBJECT_CONVERSION = YES_AGGRESSIVE;
				CLANG_CXX_LANGUAGE_STANDARD = "gnu++14";
				CLANG_CXX_LIBRARY = "libc++";
				CLANG_ENABLE_MODULES = YES;
				CLANG_ENABLE_OBJC_ARC = YES;
				CLANG_ENABLE_OBJC_WEAK = YES;
				CLANG_WARN_BLOCK_CAPTURE_AUTORELEASING = YES;
				CLANG_WARN_BOOL_CONVERSION = YES;
				CLANG_WARN_COMMA = YES;
				CLANG_WARN_CONSTANT_CONVERSION = YES;
				CLANG_WARN_DEPRECATED_OBJC_IMPLEMENTATIONS = YES;
				CLANG_WARN_DIRECT_OBJC_ISA_USAGE = YES_ERROR;
				CLANG_WARN_DOCUMENTATION_COMMENTS = YES;
				CLANG_WARN_EMPTY_BODY = YES;
				CLANG_WARN_ENUM_CONVERSION = YES;
				CLANG_WARN_INFINITE_RECURSION = YES;
				CLANG_WARN_INT_CONVERSION = YES;
				CLANG_WARN_NON_LITERAL_NULL_CONVERSION = YES;
				CLANG_WARN_OBJC_IMPLICIT_RETAIN_SELF = YES;
				CLANG_WARN_OBJC_LITERAL_CONVERSION = YES;
				CLANG_WARN_OBJC_ROOT_CLASS = YES_ERROR;
				CLANG_WARN_QUOTED_INCLUDE_IN_FRAMEWORK_HEADER = YES;
				CLANG_WARN_RANGE_LOOP_ANALYSIS = YES;
				CLANG_WARN_STRICT_PROTOTYPES = YES;
				CLANG_WARN_SUSPICIOUS_MOVE = YES;
				CLANG_WARN_UNGUARDED_AVAILABILITY = YES_AGGRESSIVE;
				CLANG_WARN_UNREACHABLE_CODE = YES;
				CLANG_WARN__DUPLICATE_METHOD_MATCH = YES;
				COPY_PHASE_STRIP = NO;
				DEBUG_INFORMATION_FORMAT = "dwarf-with-dsym";
				ENABLE_NS_ASSERTIONS = NO;
				ENABLE_STRICT_OBJC_MSGSEND = YES;
				GCC_C_LANGUAGE_STANDARD = gnu11;
				GCC_NO_COMMON_BLOCKS = YES;
				GCC_WARN_64_TO_32_BIT_CONVERSION = YES;
				GCC_WARN_ABOUT_RETURN_TYPE = YES_ERROR;
				GCC_WARN_UNDECLARED_SELECTOR = YES;
				GCC_WARN_UNINITIALIZED_AUTOS = YES_AGGRESSIVE;
				GCC_WARN_UNUSED_FUNCTION = YES;
				GCC_WARN_UNUSED_VARIABLE = YES;
				IPHONEOS_DEPLOYMENT_TARGET = 14.3;
				MTL_ENABLE_DEBUG_INFO = NO;
				MTL_FAST_MATH = YES;
				SDKROOT = iphoneos;
				SWIFT_COMPILATION_MODE = wholemodule;
				SWIFT_OPTIMIZATION_LEVEL = "-O";
				VALIDATE_PRODUCT = YES;
			};
			name = Release;
		};
		7DF525CF2606490400F496C1 /* Debug */ = {
			isa = XCBuildConfiguration;
			buildSettings = {
				ASSETCATALOG_COMPILER_APPICON_NAME = AppIcon;
				ASSETCATALOG_COMPILER_GLOBAL_ACCENT_COLOR_NAME = AccentColor;
				CODE_SIGN_STYLE = Automatic;
				DEVELOPMENT_TEAM = 48QNPJLFDY;
				INFOPLIST_FILE = PryanikyTest/Info.plist;
				LD_RUNPATH_SEARCH_PATHS = (
					"$(inherited)",
					"@executable_path/Frameworks",
				);
				PRODUCT_BUNDLE_IDENTIFIER = com.Setrov.PryanikyTest;
				PRODUCT_NAME = "$(TARGET_NAME)";
				SWIFT_VERSION = 5.0;
				TARGETED_DEVICE_FAMILY = "1,2";
			};
			name = Debug;
		};
		7DF525D02606490400F496C1 /* Release */ = {
			isa = XCBuildConfiguration;
			buildSettings = {
				ASSETCATALOG_COMPILER_APPICON_NAME = AppIcon;
				ASSETCATALOG_COMPILER_GLOBAL_ACCENT_COLOR_NAME = AccentColor;
				CODE_SIGN_STYLE = Automatic;
				DEVELOPMENT_TEAM = 48QNPJLFDY;
				INFOPLIST_FILE = PryanikyTest/Info.plist;
				LD_RUNPATH_SEARCH_PATHS = (
					"$(inherited)",
					"@executable_path/Frameworks",
				);
				PRODUCT_BUNDLE_IDENTIFIER = com.Setrov.PryanikyTest;
				PRODUCT_NAME = "$(TARGET_NAME)";
				SWIFT_VERSION = 5.0;
				TARGETED_DEVICE_FAMILY = "1,2";
			};
			name = Release;
		};
/* End XCBuildConfiguration section */

/* Begin XCConfigurationList section */
		7DF525B52606490200F496C1 /* Build configuration list for PBXProject "PryanikyTest" */ = {
			isa = XCConfigurationList;
			buildConfigurations = (
				7DF525CC2606490400F496C1 /* Debug */,
				7DF525CD2606490400F496C1 /* Release */,
			);
			defaultConfigurationIsVisible = 0;
			defaultConfigurationName = Release;
		};
		7DF525CE2606490400F496C1 /* Build configuration list for PBXNativeTarget "PryanikyTest" */ = {
			isa = XCConfigurationList;
			buildConfigurations = (
				7DF525CF2606490400F496C1 /* Debug */,
				7DF525D02606490400F496C1 /* Release */,
			);
			defaultConfigurationIsVisible = 0;
			defaultConfigurationName = Release;
		};
/* End XCConfigurationList section */
	};
	rootObject = 7DF525B22606490200F496C1 /* Project object */;
}
